// !$*UTF8*$!
{
	archiveVersion = 1;
	classes = {
	};
	objectVersion = 46;
	objects = {

/* Begin PBXBuildFile section */
		22E7BE711B5915F7007A8401 /* AppDelegate.swift in Sources */ = {isa = PBXBuildFile; fileRef = 22E7BE701B5915F7007A8401 /* AppDelegate.swift */; };
		22E7BE731B5915F7007A8401 /* ViewController.swift in Sources */ = {isa = PBXBuildFile; fileRef = 22E7BE721B5915F7007A8401 /* ViewController.swift */; };
		22E7BE751B5915F7007A8401 /* Assets.xcassets in Resources */ = {isa = PBXBuildFile; fileRef = 22E7BE741B5915F7007A8401 /* Assets.xcassets */; };
		22E7BE781B5915F7007A8401 /* Main.storyboard in Resources */ = {isa = PBXBuildFile; fileRef = 22E7BE761B5915F7007A8401 /* Main.storyboard */; };
		22E7BE811B5964F7007A8401 /* Giphy.swift in Sources */ = {isa = PBXBuildFile; fileRef = 22E7BE801B5964F7007A8401 /* Giphy.swift */; };
		22E7BE831B59A28D007A8401 /* SwiftyJSON.swift in Sources */ = {isa = PBXBuildFile; fileRef = 22E7BE821B59A28D007A8401 /* SwiftyJSON.swift */; };
		22E7BE851B59B5BA007A8401 /* GiphyImageCollectionViewItem.swift in Sources */ = {isa = PBXBuildFile; fileRef = 22E7BE841B59B5BA007A8401 /* GiphyImageCollectionViewItem.swift */; };
/* End PBXBuildFile section */

/* Begin PBXFileReference section */
		22E7BE6D1B5915F7007A8401 /* GIFinder.app */ = {isa = PBXFileReference; explicitFileType = wrapper.application; includeInIndex = 0; path = GIFinder.app; sourceTree = BUILT_PRODUCTS_DIR; };
		22E7BE701B5915F7007A8401 /* AppDelegate.swift */ = {isa = PBXFileReference; lastKnownFileType = sourcecode.swift; path = AppDelegate.swift; sourceTree = "<group>"; };
		22E7BE721B5915F7007A8401 /* ViewController.swift */ = {isa = PBXFileReference; lastKnownFileType = sourcecode.swift; path = ViewController.swift; sourceTree = "<group>"; };
		22E7BE741B5915F7007A8401 /* Assets.xcassets */ = {isa = PBXFileReference; lastKnownFileType = folder.assetcatalog; path = Assets.xcassets; sourceTree = "<group>"; };
		22E7BE771B5915F7007A8401 /* Base */ = {isa = PBXFileReference; lastKnownFileType = file.storyboard; name = Base; path = Base.lproj/Main.storyboard; sourceTree = "<group>"; };
		22E7BE791B5915F7007A8401 /* Info.plist */ = {isa = PBXFileReference; lastKnownFileType = text.plist.xml; path = Info.plist; sourceTree = "<group>"; };
		22E7BE801B5964F7007A8401 /* Giphy.swift */ = {isa = PBXFileReference; fileEncoding = 4; lastKnownFileType = sourcecode.swift; path = Giphy.swift; sourceTree = "<group>"; };
		22E7BE821B59A28D007A8401 /* SwiftyJSON.swift */ = {isa = PBXFileReference; fileEncoding = 4; lastKnownFileType = sourcecode.swift; path = SwiftyJSON.swift; sourceTree = "<group>"; };
		22E7BE841B59B5BA007A8401 /* GiphyImageCollectionViewItem.swift */ = {isa = PBXFileReference; fileEncoding = 4; lastKnownFileType = sourcecode.swift; path = GiphyImageCollectionViewItem.swift; sourceTree = "<group>"; };
/* End PBXFileReference section */

/* Begin PBXFrameworksBuildPhase section */
		22E7BE6A1B5915F7007A8401 /* Frameworks */ = {
			isa = PBXFrameworksBuildPhase;
			buildActionMask = 2147483647;
			files = (
			);
			runOnlyForDeploymentPostprocessing = 0;
		};
/* End PBXFrameworksBuildPhase section */

/* Begin PBXGroup section */
		22E7BE641B5915F7007A8401 = {
			isa = PBXGroup;
			children = (
				22E7BE6F1B5915F7007A8401 /* GIFinder */,
				22E7BE6E1B5915F7007A8401 /* Products */,
			);
			sourceTree = "<group>";
		};
		22E7BE6E1B5915F7007A8401 /* Products */ = {
			isa = PBXGroup;
			children = (
				22E7BE6D1B5915F7007A8401 /* GIFinder.app */,
			);
			name = Products;
			sourceTree = "<group>";
		};
		22E7BE6F1B5915F7007A8401 /* GIFinder */ = {
			isa = PBXGroup;
			children = (
				22E7BE7F1B596321007A8401 /* Data Layer */,
				22E7BE701B5915F7007A8401 /* AppDelegate.swift */,
				22E7BE721B5915F7007A8401 /* ViewController.swift */,
				22E7BE741B5915F7007A8401 /* Assets.xcassets */,
				22E7BE761B5915F7007A8401 /* Main.storyboard */,
				22E7BE791B5915F7007A8401 /* Info.plist */,
				22E7BE841B59B5BA007A8401 /* GiphyImageCollectionViewItem.swift */,
			);
			path = GIFinder;
			sourceTree = "<group>";
		};
		22E7BE7F1B596321007A8401 /* Data Layer */ = {
			isa = PBXGroup;
			children = (
				22E7BE801B5964F7007A8401 /* Giphy.swift */,
				22E7BE821B59A28D007A8401 /* SwiftyJSON.swift */,
			);
			name = "Data Layer";
			sourceTree = "<group>";
		};
/* End PBXGroup section */

/* Begin PBXNativeTarget section */
		22E7BE6C1B5915F7007A8401 /* GIFinder */ = {
			isa = PBXNativeTarget;
			buildConfigurationList = 22E7BE7C1B5915F7007A8401 /* Build configuration list for PBXNativeTarget "GIFinder" */;
			buildPhases = (
				22E7BE691B5915F7007A8401 /* Sources */,
				22E7BE6A1B5915F7007A8401 /* Frameworks */,
				22E7BE6B1B5915F7007A8401 /* Resources */,
			);
			buildRules = (
			);
			dependencies = (
			);
			name = GIFinder;
			productName = GIFinder;
			productReference = 22E7BE6D1B5915F7007A8401 /* GIFinder.app */;
			productType = "com.apple.product-type.application";
		};
/* End PBXNativeTarget section */

/* Begin PBXProject section */
		22E7BE651B5915F7007A8401 /* Project object */ = {
			isa = PBXProject;
			attributes = {
				LastUpgradeCheck = 0700;
				ORGANIZATIONNAME = Razeware;
				TargetAttributes = {
					22E7BE6C1B5915F7007A8401 = {
						CreatedOnToolsVersion = 7.0;
					};
				};
			};
			buildConfigurationList = 22E7BE681B5915F7007A8401 /* Build configuration list for PBXProject "GIFinder" */;
			compatibilityVersion = "Xcode 3.2";
			developmentRegion = English;
			hasScannedForEncodings = 0;
			knownRegions = (
				en,
				Base,
			);
			mainGroup = 22E7BE641B5915F7007A8401;
			productRefGroup = 22E7BE6E1B5915F7007A8401 /* Products */;
			projectDirPath = "";
			projectRoot = "";
			targets = (
				22E7BE6C1B5915F7007A8401 /* GIFinder */,
			);
		};
/* End PBXProject section */

/* Begin PBXResourcesBuildPhase section */
		22E7BE6B1B5915F7007A8401 /* Resources */ = {
			isa = PBXResourcesBuildPhase;
			buildActionMask = 2147483647;
			files = (
				22E7BE751B5915F7007A8401 /* Assets.xcassets in Resources */,
				22E7BE781B5915F7007A8401 /* Main.storyboard in Resources */,
			);
			runOnlyForDeploymentPostprocessing = 0;
		};
/* End PBXResourcesBuildPhase section */

/* Begin PBXSourcesBuildPhase section */
		22E7BE691B5915F7007A8401 /* Sources */ = {
			isa = PBXSourcesBuildPhase;
			buildActionMask = 2147483647;
			files = (
				22E7BE851B59B5BA007A8401 /* GiphyImageCollectionViewItem.swift in Sources */,
				22E7BE811B5964F7007A8401 /* Giphy.swift in Sources */,
				22E7BE731B5915F7007A8401 /* ViewController.swift in Sources */,
				22E7BE711B5915F7007A8401 /* AppDelegate.swift in Sources */,
				22E7BE831B59A28D007A8401 /* SwiftyJSON.swift in Sources */,
			);
			runOnlyForDeploymentPostprocessing = 0;
		};
/* End PBXSourcesBuildPhase section */

/* Begin PBXVariantGroup section */
		22E7BE761B5915F7007A8401 /* Main.storyboard */ = {
			isa = PBXVariantGroup;
			children = (
				22E7BE771B5915F7007A8401 /* Base */,
			);
			name = Main.storyboard;
			sourceTree = "<group>";
		};
/* End PBXVariantGroup section */

/* Begin XCBuildConfiguration section */
		22E7BE7A1B5915F7007A8401 /* Debug */ = {
			isa = XCBuildConfiguration;
			buildSettings = {
				ALWAYS_SEARCH_USER_PATHS = NO;
				CLANG_CXX_LANGUAGE_STANDARD = "gnu++0x";
				CLANG_CXX_LIBRARY = "libc++";
				CLANG_ENABLE_MODULES = YES;
				CLANG_ENABLE_OBJC_ARC = YES;
				CLANG_WARN_BOOL_CONVERSION = YES;
				CLANG_WARN_CONSTANT_CONVERSION = YES;
				CLANG_WARN_DIRECT_OBJC_ISA_USAGE = YES_ERROR;
				CLANG_WARN_EMPTY_BODY = YES;
				CLANG_WARN_ENUM_CONVERSION = YES;
				CLANG_WARN_INT_CONVERSION = YES;
				CLANG_WARN_OBJC_ROOT_CLASS = YES_ERROR;
				CLANG_WARN_UNREACHABLE_CODE = YES;
				CLANG_WARN__DUPLICATE_METHOD_MATCH = YES;
				CODE_SIGN_IDENTITY = "-";
				COPY_PHASE_STRIP = NO;
				DEBUG_INFORMATION_FORMAT = dwarf;
				ENABLE_STRICT_OBJC_MSGSEND = YES;
				ENABLE_TESTABILITY = YES;
				GCC_C_LANGUAGE_STANDARD = gnu99;
				GCC_DYNAMIC_NO_PIC = NO;
				GCC_NO_COMMON_BLOCKS = YES;
				GCC_OPTIMIZATION_LEVEL = 0;
				GCC_PREPROCESSOR_DEFINITIONS = (
					"DEBUG=1",
					"$(inherited)",
				);
				GCC_WARN_64_TO_32_BIT_CONVERSION = YES;
				GCC_WARN_ABOUT_RETURN_TYPE = YES_ERROR;
				GCC_WARN_UNDECLARED_SELECTOR = YES;
				GCC_WARN_UNINITIALIZED_AUTOS = YES_AGGRESSIVE;
				GCC_WARN_UNUSED_FUNCTION = YES;
				GCC_WARN_UNUSED_VARIABLE = YES;
				MACOSX_DEPLOYMENT_TARGET = 10.10;
				MTL_ENABLE_DEBUG_INFO = YES;
				ONLY_ACTIVE_ARCH = YES;
				SDKROOT = macosx;
				SWIFT_OPTIMIZATION_LEVEL = "-Onone";
			};
			name = Debug;
		};
		22E7BE7B1B5915F7007A8401 /* Release */ = {
			isa = XCBuildConfiguration;
			buildSettings = {
				ALWAYS_SEARCH_USER_PATHS = NO;
				CLANG_CXX_LANGUAGE_STANDARD = "gnu++0x";
				CLANG_CXX_LIBRARY = "libc++";
				CLANG_ENABLE_MODULES = YES;
				CLANG_ENABLE_OBJC_ARC = YES;
				CLANG_WARN_BOOL_CONVERSION = YES;
				CLANG_WARN_CONSTANT_CONVERSION = YES;
				CLANG_WARN_DIRECT_OBJC_ISA_USAGE = YES_ERROR;
				CLANG_WARN_EMPTY_BODY = YES;
				CLANG_WARN_ENUM_CONVERSION = YES;
				CLANG_WARN_INT_CONVERSION = YES;
				CLANG_WARN_OBJC_ROOT_CLASS = YES_ERROR;
				CLANG_WARN_UNREACHABLE_CODE = YES;
				CLANG_WARN__DUPLICATE_METHOD_MATCH = YES;
				CODE_SIGN_IDENTITY = "-";
				COPY_PHASE_STRIP = NO;
				DEBUG_INFORMATION_FORMAT = "dwarf-with-dsym";
				ENABLE_NS_ASSERTIONS = NO;
				ENABLE_STRICT_OBJC_MSGSEND = YES;
				GCC_C_LANGUAGE_STANDARD = gnu99;
				GCC_NO_COMMON_BLOCKS = YES;
				GCC_WARN_64_TO_32_BIT_CONVERSION = YES;
				GCC_WARN_ABOUT_RETURN_TYPE = YES_ERROR;
				GCC_WARN_UNDECLARED_SELECTOR = YES;
				GCC_WARN_UNINITIALIZED_AUTOS = YES_AGGRESSIVE;
				GCC_WARN_UNUSED_FUNCTION = YES;
				GCC_WARN_UNUSED_VARIABLE = YES;
				MACOSX_DEPLOYMENT_TARGET = 10.10;
				MTL_ENABLE_DEBUG_INFO = NO;
				SDKROOT = macosx;
			};
			name = Release;
		};
		22E7BE7D1B5915F7007A8401 /* Debug */ = {
			isa = XCBuildConfiguration;
			buildSettings = {
				ASSETCATALOG_COMPILER_APPICON_NAME = AppIcon;
				COMBINE_HIDPI_IMAGES = YES;
				INFOPLIST_FILE = GIFinder/Info.plist;
				LD_RUNPATH_SEARCH_PATHS = "$(inherited) @executable_path/../Frameworks";
				PRODUCT_BUNDLE_IDENTIFIER = com.razeware.GIFinder;
				PRODUCT_NAME = "$(TARGET_NAME)";
			};
			name = Debug;
		};
		22E7BE7E1B5915F7007A8401 /* Release */ = {
			isa = XCBuildConfiguration;
			buildSettings = {
				ASSETCATALOG_COMPILER_APPICON_NAME = AppIcon;
				COMBINE_HIDPI_IMAGES = YES;
				INFOPLIST_FILE = GIFinder/Info.plist;
				LD_RUNPATH_SEARCH_PATHS = "$(inherited) @executable_path/../Frameworks";
				PRODUCT_BUNDLE_IDENTIFIER = com.razeware.GIFinder;
				PRODUCT_NAME = "$(TARGET_NAME)";
			};
			name = Release;
		};
/* End XCBuildConfiguration section */

/* Begin XCConfigurationList section */
		22E7BE681B5915F7007A8401 /* Build configuration list for PBXProject "GIFinder" */ = {
			isa = XCConfigurationList;
			buildConfigurations = (
				22E7BE7A1B5915F7007A8401 /* Debug */,
				22E7BE7B1B5915F7007A8401 /* Release */,
			);
			defaultConfigurationIsVisible = 0;
			defaultConfigurationName = Release;
		};
		22E7BE7C1B5915F7007A8401 /* Build configuration list for PBXNativeTarget "GIFinder" */ = {
			isa = XCConfigurationList;
			buildConfigurations = (
				22E7BE7D1B5915F7007A8401 /* Debug */,
				22E7BE7E1B5915F7007A8401 /* Release */,
			);
			defaultConfigurationIsVisible = 0;
		};
/* End XCConfigurationList section */
	};
	rootObject = 22E7BE651B5915F7007A8401 /* Project object */;
}
