// !$*UTF8*$!
{
	archiveVersion = 1;
	classes = {
	};
	objectVersion = 46;
	objects = {

/* Begin PBXBuildFile section */
		2205D7001BFFF2860068416D /* AppDelegate.swift in Sources */ = {isa = PBXBuildFile; fileRef = 2205D6FF1BFFF2860068416D /* AppDelegate.swift */; };
		2205D7021BFFF2860068416D /* ViewController.swift in Sources */ = {isa = PBXBuildFile; fileRef = 2205D7011BFFF2860068416D /* ViewController.swift */; };
		2205D7041BFFF2860068416D /* Assets.xcassets in Resources */ = {isa = PBXBuildFile; fileRef = 2205D7031BFFF2860068416D /* Assets.xcassets */; };
		2205D7071BFFF2870068416D /* Main.storyboard in Resources */ = {isa = PBXBuildFile; fileRef = 2205D7051BFFF2870068416D /* Main.storyboard */; };
/* End PBXBuildFile section */

/* Begin PBXFileReference section */
		2205D6FC1BFFF2860068416D /* MagicEight.app */ = {isa = PBXFileReference; explicitFileType = wrapper.application; includeInIndex = 0; path = MagicEight.app; sourceTree = BUILT_PRODUCTS_DIR; };
		2205D6FF1BFFF2860068416D /* AppDelegate.swift */ = {isa = PBXFileReference; lastKnownFileType = sourcecode.swift; path = AppDelegate.swift; sourceTree = "<group>"; };
		2205D7011BFFF2860068416D /* ViewController.swift */ = {isa = PBXFileReference; lastKnownFileType = sourcecode.swift; path = ViewController.swift; sourceTree = "<group>"; };
		2205D7031BFFF2860068416D /* Assets.xcassets */ = {isa = PBXFileReference; lastKnownFileType = folder.assetcatalog; path = Assets.xcassets; sourceTree = "<group>"; };
		2205D7061BFFF2870068416D /* Base */ = {isa = PBXFileReference; lastKnownFileType = file.storyboard; name = Base; path = Base.lproj/Main.storyboard; sourceTree = "<group>"; };
		2205D7081BFFF2870068416D /* Info.plist */ = {isa = PBXFileReference; lastKnownFileType = text.plist.xml; path = Info.plist; sourceTree = "<group>"; };
/* End PBXFileReference section */

/* Begin PBXFrameworksBuildPhase section */
		2205D6F91BFFF2860068416D /* Frameworks */ = {
			isa = PBXFrameworksBuildPhase;
			buildActionMask = 2147483647;
			files = (
			);
			runOnlyForDeploymentPostprocessing = 0;
		};
/* End PBXFrameworksBuildPhase section */

/* Begin PBXGroup section */
		2205D6F31BFFF2860068416D = {
			isa = PBXGroup;
			children = (
				2205D6FE1BFFF2860068416D /* MagicEight */,
				2205D6FD1BFFF2860068416D /* Products */,
			);
			sourceTree = "<group>";
		};
		2205D6FD1BFFF2860068416D /* Products */ = {
			isa = PBXGroup;
			children = (
				2205D6FC1BFFF2860068416D /* MagicEight.app */,
			);
			name = Products;
			sourceTree = "<group>";
		};
		2205D6FE1BFFF2860068416D /* MagicEight */ = {
			isa = PBXGroup;
			children = (
				2205D6FF1BFFF2860068416D /* AppDelegate.swift */,
				2205D7011BFFF2860068416D /* ViewController.swift */,
				2205D7031BFFF2860068416D /* Assets.xcassets */,
				2205D7051BFFF2870068416D /* Main.storyboard */,
				2205D7081BFFF2870068416D /* Info.plist */,
			);
			path = MagicEight;
			sourceTree = "<group>";
		};
/* End PBXGroup section */

/* Begin PBXNativeTarget section */
		2205D6FB1BFFF2860068416D /* MagicEight */ = {
			isa = PBXNativeTarget;
			buildConfigurationList = 2205D70B1BFFF2870068416D /* Build configuration list for PBXNativeTarget "MagicEight" */;
			buildPhases = (
				2205D6F81BFFF2860068416D /* Sources */,
				2205D6F91BFFF2860068416D /* Frameworks */,
				2205D6FA1BFFF2860068416D /* Resources */,
			);
			buildRules = (
			);
			dependencies = (
			);
			name = MagicEight;
			productName = MagicEight;
			productReference = 2205D6FC1BFFF2860068416D /* MagicEight.app */;
			productType = "com.apple.product-type.application";
		};
/* End PBXNativeTarget section */

/* Begin PBXProject section */
		2205D6F41BFFF2860068416D /* Project object */ = {
			isa = PBXProject;
			attributes = {
				LastSwiftUpdateCheck = 0710;
				LastUpgradeCheck = 0710;
				ORGANIZATIONNAME = "Ray Wenderlich";
				TargetAttributes = {
					2205D6FB1BFFF2860068416D = {
						CreatedOnToolsVersion = 7.1.1;
					};
				};
			};
			buildConfigurationList = 2205D6F71BFFF2860068416D /* Build configuration list for PBXProject "MagicEight" */;
			compatibilityVersion = "Xcode 3.2";
			developmentRegion = English;
			hasScannedForEncodings = 0;
			knownRegions = (
				en,
				Base,
			);
			mainGroup = 2205D6F31BFFF2860068416D;
			productRefGroup = 2205D6FD1BFFF2860068416D /* Products */;
			projectDirPath = "";
			projectRoot = "";
			targets = (
				2205D6FB1BFFF2860068416D /* MagicEight */,
			);
		};
/* End PBXProject section */

/* Begin PBXResourcesBuildPhase section */
		2205D6FA1BFFF2860068416D /* Resources */ = {
			isa = PBXResourcesBuildPhase;
			buildActionMask = 2147483647;
			files = (
				2205D7041BFFF2860068416D /* Assets.xcassets in Resources */,
				2205D7071BFFF2870068416D /* Main.storyboard in Resources */,
			);
			runOnlyForDeploymentPostprocessing = 0;
		};
/* End PBXResourcesBuildPhase section */

/* Begin PBXSourcesBuildPhase section */
		2205D6F81BFFF2860068416D /* Sources */ = {
			isa = PBXSourcesBuildPhase;
			buildActionMask = 2147483647;
			files = (
				2205D7021BFFF2860068416D /* ViewController.swift in Sources */,
				2205D7001BFFF2860068416D /* AppDelegate.swift in Sources */,
			);
			runOnlyForDeploymentPostprocessing = 0;
		};
/* End PBXSourcesBuildPhase section */

/* Begin PBXVariantGroup section */
		2205D7051BFFF2870068416D /* Main.storyboard */ = {
			isa = PBXVariantGroup;
			children = (
				2205D7061BFFF2870068416D /* Base */,
			);
			name = Main.storyboard;
			sourceTree = "<group>";
		};
/* End PBXVariantGroup section */

/* Begin XCBuildConfiguration section */
		2205D7091BFFF2870068416D /* Debug */ = {
			isa = XCBuildConfiguration;
			buildSettings = {
				ALWAYS_SEARCH_USER_PATHS = NO;
				CLANG_CXX_LANGUAGE_STANDARD = "gnu++0x";
				CLANG_CXX_LIBRARY = "libc++";
				CLANG_ENABLE_MODULES = YES;
				CLANG_ENABLE_OBJC_ARC = YES;
				CLANG_WARN_BOOL_CONVERSION = YES;
				CLANG_WARN_CONSTANT_CONVERSION = YES;
				CLANG_WARN_DIRECT_OBJC_ISA_USAGE = YES_ERROR;
				CLANG_WARN_EMPTY_BODY = YES;
				CLANG_WARN_ENUM_CONVERSION = YES;
				CLANG_WARN_INT_CONVERSION = YES;
				CLANG_WARN_OBJC_ROOT_CLASS = YES_ERROR;
				CLANG_WARN_UNREACHABLE_CODE = YES;
				CLANG_WARN__DUPLICATE_METHOD_MATCH = YES;
				CODE_SIGN_IDENTITY = "-";
				COPY_PHASE_STRIP = NO;
				DEBUG_INFORMATION_FORMAT = dwarf;
				ENABLE_STRICT_OBJC_MSGSEND = YES;
				ENABLE_TESTABILITY = YES;
				GCC_C_LANGUAGE_STANDARD = gnu99;
				GCC_DYNAMIC_NO_PIC = NO;
				GCC_NO_COMMON_BLOCKS = YES;
				GCC_OPTIMIZATION_LEVEL = 0;
				GCC_PREPROCESSOR_DEFINITIONS = (
					"DEBUG=1",
					"$(inherited)",
				);
				GCC_WARN_64_TO_32_BIT_CONVERSION = YES;
				GCC_WARN_ABOUT_RETURN_TYPE = YES_ERROR;
				GCC_WARN_UNDECLARED_SELECTOR = YES;
				GCC_WARN_UNINITIALIZED_AUTOS = YES_AGGRESSIVE;
				GCC_WARN_UNUSED_FUNCTION = YES;
				GCC_WARN_UNUSED_VARIABLE = YES;
				MACOSX_DEPLOYMENT_TARGET = 10.11;
				MTL_ENABLE_DEBUG_INFO = YES;
				ONLY_ACTIVE_ARCH = YES;
				SDKROOT = macosx;
				SWIFT_OPTIMIZATION_LEVEL = "-Onone";
			};
			name = Debug;
		};
		2205D70A1BFFF2870068416D /* Release */ = {
			isa = XCBuildConfiguration;
			buildSettings = {
				ALWAYS_SEARCH_USER_PATHS = NO;
				CLANG_CXX_LANGUAGE_STANDARD = "gnu++0x";
				CLANG_CXX_LIBRARY = "libc++";
				CLANG_ENABLE_MODULES = YES;
				CLANG_ENABLE_OBJC_ARC = YES;
				CLANG_WARN_BOOL_CONVERSION = YES;
				CLANG_WARN_CONSTANT_CONVERSION = YES;
				CLANG_WARN_DIRECT_OBJC_ISA_USAGE = YES_ERROR;
				CLANG_WARN_EMPTY_BODY = YES;
				CLANG_WARN_ENUM_CONVERSION = YES;
				CLANG_WARN_INT_CONVERSION = YES;
				CLANG_WARN_OBJC_ROOT_CLASS = YES_ERROR;
				CLANG_WARN_UNREACHABLE_CODE = YES;
				CLANG_WARN__DUPLICATE_METHOD_MATCH = YES;
				CODE_SIGN_IDENTITY = "-";
				COPY_PHASE_STRIP = NO;
				DEBUG_INFORMATION_FORMAT = "dwarf-with-dsym";
				ENABLE_NS_ASSERTIONS = NO;
				ENABLE_STRICT_OBJC_MSGSEND = YES;
				GCC_C_LANGUAGE_STANDARD = gnu99;
				GCC_NO_COMMON_BLOCKS = YES;
				GCC_WARN_64_TO_32_BIT_CONVERSION = YES;
				GCC_WARN_ABOUT_RETURN_TYPE = YES_ERROR;
				GCC_WARN_UNDECLARED_SELECTOR = YES;
				GCC_WARN_UNINITIALIZED_AUTOS = YES_AGGRESSIVE;
				GCC_WARN_UNUSED_FUNCTION = YES;
				GCC_WARN_UNUSED_VARIABLE = YES;
				MACOSX_DEPLOYMENT_TARGET = 10.11;
				MTL_ENABLE_DEBUG_INFO = NO;
				SDKROOT = macosx;
			};
			name = Release;
		};
		2205D70C1BFFF2870068416D /* Debug */ = {
			isa = XCBuildConfiguration;
			buildSettings = {
				ASSETCATALOG_COMPILER_APPICON_NAME = AppIcon;
				COMBINE_HIDPI_IMAGES = YES;
				INFOPLIST_FILE = MagicEight/Info.plist;
				LD_RUNPATH_SEARCH_PATHS = "$(inherited) @executable_path/../Frameworks";
				PRODUCT_BUNDLE_IDENTIFIER = com.raywenderlich.MagicEight;
				PRODUCT_NAME = "$(TARGET_NAME)";
			};
			name = Debug;
		};
		2205D70D1BFFF2870068416D /* Release */ = {
			isa = XCBuildConfiguration;
			buildSettings = {
				ASSETCATALOG_COMPILER_APPICON_NAME = AppIcon;
				COMBINE_HIDPI_IMAGES = YES;
				INFOPLIST_FILE = MagicEight/Info.plist;
				LD_RUNPATH_SEARCH_PATHS = "$(inherited) @executable_path/../Frameworks";
				PRODUCT_BUNDLE_IDENTIFIER = com.raywenderlich.MagicEight;
				PRODUCT_NAME = "$(TARGET_NAME)";
			};
			name = Release;
		};
/* End XCBuildConfiguration section */

/* Begin XCConfigurationList section */
		2205D6F71BFFF2860068416D /* Build configuration list for PBXProject "MagicEight" */ = {
			isa = XCConfigurationList;
			buildConfigurations = (
				2205D7091BFFF2870068416D /* Debug */,
				2205D70A1BFFF2870068416D /* Release */,
			);
			defaultConfigurationIsVisible = 0;
			defaultConfigurationName = Release;
		};
		2205D70B1BFFF2870068416D /* Build configuration list for PBXNativeTarget "MagicEight" */ = {
			isa = XCConfigurationList;
			buildConfigurations = (
				2205D70C1BFFF2870068416D /* Debug */,
				2205D70D1BFFF2870068416D /* Release */,
			);
			defaultConfigurationIsVisible = 0;
		};
/* End XCConfigurationList section */
	};
	rootObject = 2205D6F41BFFF2860068416D /* Project object */;
}
