// !$*UTF8*$!
{
	archiveVersion = 1;
	classes = {
	};
	objectVersion = 46;
	objects = {

/* Begin PBXBuildFile section */
		22040FBA1C03E593002D0783 /* AppDelegate.swift in Sources */ = {isa = PBXBuildFile; fileRef = 22040FB91C03E593002D0783 /* AppDelegate.swift */; };
		22040FBC1C03E593002D0783 /* ViewController.swift in Sources */ = {isa = PBXBuildFile; fileRef = 22040FBB1C03E593002D0783 /* ViewController.swift */; };
		22040FBE1C03E594002D0783 /* Assets.xcassets in Resources */ = {isa = PBXBuildFile; fileRef = 22040FBD1C03E594002D0783 /* Assets.xcassets */; };
		22040FC11C03E594002D0783 /* Main.storyboard in Resources */ = {isa = PBXBuildFile; fileRef = 22040FBF1C03E594002D0783 /* Main.storyboard */; };
/* End PBXBuildFile section */

/* Begin PBXFileReference section */
		22040FB61C03E593002D0783 /* MagicEight.app */ = {isa = PBXFileReference; explicitFileType = wrapper.application; includeInIndex = 0; path = MagicEight.app; sourceTree = BUILT_PRODUCTS_DIR; };
		22040FB91C03E593002D0783 /* AppDelegate.swift */ = {isa = PBXFileReference; lastKnownFileType = sourcecode.swift; path = AppDelegate.swift; sourceTree = "<group>"; };
		22040FBB1C03E593002D0783 /* ViewController.swift */ = {isa = PBXFileReference; lastKnownFileType = sourcecode.swift; path = ViewController.swift; sourceTree = "<group>"; };
		22040FBD1C03E594002D0783 /* Assets.xcassets */ = {isa = PBXFileReference; lastKnownFileType = folder.assetcatalog; path = Assets.xcassets; sourceTree = "<group>"; };
		22040FC01C03E594002D0783 /* Base */ = {isa = PBXFileReference; lastKnownFileType = file.storyboard; name = Base; path = Base.lproj/Main.storyboard; sourceTree = "<group>"; };
		22040FC21C03E594002D0783 /* Info.plist */ = {isa = PBXFileReference; lastKnownFileType = text.plist.xml; path = Info.plist; sourceTree = "<group>"; };
/* End PBXFileReference section */

/* Begin PBXFrameworksBuildPhase section */
		22040FB31C03E593002D0783 /* Frameworks */ = {
			isa = PBXFrameworksBuildPhase;
			buildActionMask = 2147483647;
			files = (
			);
			runOnlyForDeploymentPostprocessing = 0;
		};
/* End PBXFrameworksBuildPhase section */

/* Begin PBXGroup section */
		22040FAD1C03E593002D0783 = {
			isa = PBXGroup;
			children = (
				22040FB81C03E593002D0783 /* MagicEight */,
				22040FB71C03E593002D0783 /* Products */,
			);
			sourceTree = "<group>";
		};
		22040FB71C03E593002D0783 /* Products */ = {
			isa = PBXGroup;
			children = (
				22040FB61C03E593002D0783 /* MagicEight.app */,
			);
			name = Products;
			sourceTree = "<group>";
		};
		22040FB81C03E593002D0783 /* MagicEight */ = {
			isa = PBXGroup;
			children = (
				22040FB91C03E593002D0783 /* AppDelegate.swift */,
				22040FBB1C03E593002D0783 /* ViewController.swift */,
				22040FBD1C03E594002D0783 /* Assets.xcassets */,
				22040FBF1C03E594002D0783 /* Main.storyboard */,
				22040FC21C03E594002D0783 /* Info.plist */,
			);
			path = MagicEight;
			sourceTree = "<group>";
		};
/* End PBXGroup section */

/* Begin PBXNativeTarget section */
		22040FB51C03E593002D0783 /* MagicEight */ = {
			isa = PBXNativeTarget;
			buildConfigurationList = 22040FC51C03E594002D0783 /* Build configuration list for PBXNativeTarget "MagicEight" */;
			buildPhases = (
				22040FB21C03E593002D0783 /* Sources */,
				22040FB31C03E593002D0783 /* Frameworks */,
				22040FB41C03E593002D0783 /* Resources */,
			);
			buildRules = (
			);
			dependencies = (
			);
			name = MagicEight;
			productName = MagicEight;
			productReference = 22040FB61C03E593002D0783 /* MagicEight.app */;
			productType = "com.apple.product-type.application";
		};
/* End PBXNativeTarget section */

/* Begin PBXProject section */
		22040FAE1C03E593002D0783 /* Project object */ = {
			isa = PBXProject;
			attributes = {
				LastSwiftUpdateCheck = 0710;
				LastUpgradeCheck = 0710;
				ORGANIZATIONNAME = "Ray Wenderlich";
				TargetAttributes = {
					22040FB51C03E593002D0783 = {
						CreatedOnToolsVersion = 7.1.1;
					};
				};
			};
			buildConfigurationList = 22040FB11C03E593002D0783 /* Build configuration list for PBXProject "MagicEight" */;
			compatibilityVersion = "Xcode 3.2";
			developmentRegion = English;
			hasScannedForEncodings = 0;
			knownRegions = (
				en,
				Base,
			);
			mainGroup = 22040FAD1C03E593002D0783;
			productRefGroup = 22040FB71C03E593002D0783 /* Products */;
			projectDirPath = "";
			projectRoot = "";
			targets = (
				22040FB51C03E593002D0783 /* MagicEight */,
			);
		};
/* End PBXProject section */

/* Begin PBXResourcesBuildPhase section */
		22040FB41C03E593002D0783 /* Resources */ = {
			isa = PBXResourcesBuildPhase;
			buildActionMask = 2147483647;
			files = (
				22040FBE1C03E594002D0783 /* Assets.xcassets in Resources */,
				22040FC11C03E594002D0783 /* Main.storyboard in Resources */,
			);
			runOnlyForDeploymentPostprocessing = 0;
		};
/* End PBXResourcesBuildPhase section */

/* Begin PBXSourcesBuildPhase section */
		22040FB21C03E593002D0783 /* Sources */ = {
			isa = PBXSourcesBuildPhase;
			buildActionMask = 2147483647;
			files = (
				22040FBC1C03E593002D0783 /* ViewController.swift in Sources */,
				22040FBA1C03E593002D0783 /* AppDelegate.swift in Sources */,
			);
			runOnlyForDeploymentPostprocessing = 0;
		};
/* End PBXSourcesBuildPhase section */

/* Begin PBXVariantGroup section */
		22040FBF1C03E594002D0783 /* Main.storyboard */ = {
			isa = PBXVariantGroup;
			children = (
				22040FC01C03E594002D0783 /* Base */,
			);
			name = Main.storyboard;
			sourceTree = "<group>";
		};
/* End PBXVariantGroup section */

/* Begin XCBuildConfiguration section */
		22040FC31C03E594002D0783 /* Debug */ = {
			isa = XCBuildConfiguration;
			buildSettings = {
				ALWAYS_SEARCH_USER_PATHS = NO;
				CLANG_CXX_LANGUAGE_STANDARD = "gnu++0x";
				CLANG_CXX_LIBRARY = "libc++";
				CLANG_ENABLE_MODULES = YES;
				CLANG_ENABLE_OBJC_ARC = YES;
				CLANG_WARN_BOOL_CONVERSION = YES;
				CLANG_WARN_CONSTANT_CONVERSION = YES;
				CLANG_WARN_DIRECT_OBJC_ISA_USAGE = YES_ERROR;
				CLANG_WARN_EMPTY_BODY = YES;
				CLANG_WARN_ENUM_CONVERSION = YES;
				CLANG_WARN_INT_CONVERSION = YES;
				CLANG_WARN_OBJC_ROOT_CLASS = YES_ERROR;
				CLANG_WARN_UNREACHABLE_CODE = YES;
				CLANG_WARN__DUPLICATE_METHOD_MATCH = YES;
				CODE_SIGN_IDENTITY = "-";
				COPY_PHASE_STRIP = NO;
				DEBUG_INFORMATION_FORMAT = dwarf;
				ENABLE_STRICT_OBJC_MSGSEND = YES;
				ENABLE_TESTABILITY = YES;
				GCC_C_LANGUAGE_STANDARD = gnu99;
				GCC_DYNAMIC_NO_PIC = NO;
				GCC_NO_COMMON_BLOCKS = YES;
				GCC_OPTIMIZATION_LEVEL = 0;
				GCC_PREPROCESSOR_DEFINITIONS = (
					"DEBUG=1",
					"$(inherited)",
				);
				GCC_WARN_64_TO_32_BIT_CONVERSION = YES;
				GCC_WARN_ABOUT_RETURN_TYPE = YES_ERROR;
				GCC_WARN_UNDECLARED_SELECTOR = YES;
				GCC_WARN_UNINITIALIZED_AUTOS = YES_AGGRESSIVE;
				GCC_WARN_UNUSED_FUNCTION = YES;
				GCC_WARN_UNUSED_VARIABLE = YES;
				MACOSX_DEPLOYMENT_TARGET = 10.11;
				MTL_ENABLE_DEBUG_INFO = YES;
				ONLY_ACTIVE_ARCH = YES;
				SDKROOT = macosx;
				SWIFT_OPTIMIZATION_LEVEL = "-Onone";
			};
			name = Debug;
		};
		22040FC41C03E594002D0783 /* Release */ = {
			isa = XCBuildConfiguration;
			buildSettings = {
				ALWAYS_SEARCH_USER_PATHS = NO;
				CLANG_CXX_LANGUAGE_STANDARD = "gnu++0x";
				CLANG_CXX_LIBRARY = "libc++";
				CLANG_ENABLE_MODULES = YES;
				CLANG_ENABLE_OBJC_ARC = YES;
				CLANG_WARN_BOOL_CONVERSION = YES;
				CLANG_WARN_CONSTANT_CONVERSION = YES;
				CLANG_WARN_DIRECT_OBJC_ISA_USAGE = YES_ERROR;
				CLANG_WARN_EMPTY_BODY = YES;
				CLANG_WARN_ENUM_CONVERSION = YES;
				CLANG_WARN_INT_CONVERSION = YES;
				CLANG_WARN_OBJC_ROOT_CLASS = YES_ERROR;
				CLANG_WARN_UNREACHABLE_CODE = YES;
				CLANG_WARN__DUPLICATE_METHOD_MATCH = YES;
				CODE_SIGN_IDENTITY = "-";
				COPY_PHASE_STRIP = NO;
				DEBUG_INFORMATION_FORMAT = "dwarf-with-dsym";
				ENABLE_NS_ASSERTIONS = NO;
				ENABLE_STRICT_OBJC_MSGSEND = YES;
				GCC_C_LANGUAGE_STANDARD = gnu99;
				GCC_NO_COMMON_BLOCKS = YES;
				GCC_WARN_64_TO_32_BIT_CONVERSION = YES;
				GCC_WARN_ABOUT_RETURN_TYPE = YES_ERROR;
				GCC_WARN_UNDECLARED_SELECTOR = YES;
				GCC_WARN_UNINITIALIZED_AUTOS = YES_AGGRESSIVE;
				GCC_WARN_UNUSED_FUNCTION = YES;
				GCC_WARN_UNUSED_VARIABLE = YES;
				MACOSX_DEPLOYMENT_TARGET = 10.11;
				MTL_ENABLE_DEBUG_INFO = NO;
				SDKROOT = macosx;
			};
			name = Release;
		};
		22040FC61C03E594002D0783 /* Debug */ = {
			isa = XCBuildConfiguration;
			buildSettings = {
				ASSETCATALOG_COMPILER_APPICON_NAME = AppIcon;
				COMBINE_HIDPI_IMAGES = YES;
				INFOPLIST_FILE = MagicEight/Info.plist;
				LD_RUNPATH_SEARCH_PATHS = "$(inherited) @executable_path/../Frameworks";
				PRODUCT_BUNDLE_IDENTIFIER = com.raywenderlich.MagicEight;
				PRODUCT_NAME = "$(TARGET_NAME)";
			};
			name = Debug;
		};
		22040FC71C03E594002D0783 /* Release */ = {
			isa = XCBuildConfiguration;
			buildSettings = {
				ASSETCATALOG_COMPILER_APPICON_NAME = AppIcon;
				COMBINE_HIDPI_IMAGES = YES;
				INFOPLIST_FILE = MagicEight/Info.plist;
				LD_RUNPATH_SEARCH_PATHS = "$(inherited) @executable_path/../Frameworks";
				PRODUCT_BUNDLE_IDENTIFIER = com.raywenderlich.MagicEight;
				PRODUCT_NAME = "$(TARGET_NAME)";
			};
			name = Release;
		};
/* End XCBuildConfiguration section */

/* Begin XCConfigurationList section */
		22040FB11C03E593002D0783 /* Build configuration list for PBXProject "MagicEight" */ = {
			isa = XCConfigurationList;
			buildConfigurations = (
				22040FC31C03E594002D0783 /* Debug */,
				22040FC41C03E594002D0783 /* Release */,
			);
			defaultConfigurationIsVisible = 0;
			defaultConfigurationName = Release;
		};
		22040FC51C03E594002D0783 /* Build configuration list for PBXNativeTarget "MagicEight" */ = {
			isa = XCConfigurationList;
			buildConfigurations = (
				22040FC61C03E594002D0783 /* Debug */,
				22040FC71C03E594002D0783 /* Release */,
			);
			defaultConfigurationIsVisible = 0;
		};
/* End XCConfigurationList section */
	};
	rootObject = 22040FAE1C03E593002D0783 /* Project object */;
}
