// !$*UTF8*$!
{
	archiveVersion = 1;
	classes = {
	};
	objectVersion = 46;
	objects = {

/* Begin PBXBuildFile section */
		220C3C611C00355200567EF6 /* AppDelegate.swift in Sources */ = {isa = PBXBuildFile; fileRef = 220C3C601C00355200567EF6 /* AppDelegate.swift */; };
		220C3C631C00355200567EF6 /* ViewController.swift in Sources */ = {isa = PBXBuildFile; fileRef = 220C3C621C00355200567EF6 /* ViewController.swift */; };
		220C3C651C00355200567EF6 /* Assets.xcassets in Resources */ = {isa = PBXBuildFile; fileRef = 220C3C641C00355200567EF6 /* Assets.xcassets */; };
		220C3C681C00355200567EF6 /* Main.storyboard in Resources */ = {isa = PBXBuildFile; fileRef = 220C3C661C00355200567EF6 /* Main.storyboard */; };
/* End PBXBuildFile section */

/* Begin PBXFileReference section */
		220C3C5D1C00355200567EF6 /* MagicEight.app */ = {isa = PBXFileReference; explicitFileType = wrapper.application; includeInIndex = 0; path = MagicEight.app; sourceTree = BUILT_PRODUCTS_DIR; };
		220C3C601C00355200567EF6 /* AppDelegate.swift */ = {isa = PBXFileReference; lastKnownFileType = sourcecode.swift; path = AppDelegate.swift; sourceTree = "<group>"; };
		220C3C621C00355200567EF6 /* ViewController.swift */ = {isa = PBXFileReference; lastKnownFileType = sourcecode.swift; path = ViewController.swift; sourceTree = "<group>"; };
		220C3C641C00355200567EF6 /* Assets.xcassets */ = {isa = PBXFileReference; lastKnownFileType = folder.assetcatalog; path = Assets.xcassets; sourceTree = "<group>"; };
		220C3C671C00355200567EF6 /* Base */ = {isa = PBXFileReference; lastKnownFileType = file.storyboard; name = Base; path = Base.lproj/Main.storyboard; sourceTree = "<group>"; };
		220C3C691C00355200567EF6 /* Info.plist */ = {isa = PBXFileReference; lastKnownFileType = text.plist.xml; path = Info.plist; sourceTree = "<group>"; };
/* End PBXFileReference section */

/* Begin PBXFrameworksBuildPhase section */
		220C3C5A1C00355200567EF6 /* Frameworks */ = {
			isa = PBXFrameworksBuildPhase;
			buildActionMask = 2147483647;
			files = (
			);
			runOnlyForDeploymentPostprocessing = 0;
		};
/* End PBXFrameworksBuildPhase section */

/* Begin PBXGroup section */
		220C3C541C00355200567EF6 = {
			isa = PBXGroup;
			children = (
				220C3C5F1C00355200567EF6 /* MagicEight */,
				220C3C5E1C00355200567EF6 /* Products */,
			);
			sourceTree = "<group>";
		};
		220C3C5E1C00355200567EF6 /* Products */ = {
			isa = PBXGroup;
			children = (
				220C3C5D1C00355200567EF6 /* MagicEight.app */,
			);
			name = Products;
			sourceTree = "<group>";
		};
		220C3C5F1C00355200567EF6 /* MagicEight */ = {
			isa = PBXGroup;
			children = (
				220C3C601C00355200567EF6 /* AppDelegate.swift */,
				220C3C621C00355200567EF6 /* ViewController.swift */,
				220C3C641C00355200567EF6 /* Assets.xcassets */,
				220C3C661C00355200567EF6 /* Main.storyboard */,
				220C3C691C00355200567EF6 /* Info.plist */,
			);
			path = MagicEight;
			sourceTree = "<group>";
		};
/* End PBXGroup section */

/* Begin PBXNativeTarget section */
		220C3C5C1C00355200567EF6 /* MagicEight */ = {
			isa = PBXNativeTarget;
			buildConfigurationList = 220C3C6C1C00355200567EF6 /* Build configuration list for PBXNativeTarget "MagicEight" */;
			buildPhases = (
				220C3C591C00355200567EF6 /* Sources */,
				220C3C5A1C00355200567EF6 /* Frameworks */,
				220C3C5B1C00355200567EF6 /* Resources */,
			);
			buildRules = (
			);
			dependencies = (
			);
			name = MagicEight;
			productName = MagicEight;
			productReference = 220C3C5D1C00355200567EF6 /* MagicEight.app */;
			productType = "com.apple.product-type.application";
		};
/* End PBXNativeTarget section */

/* Begin PBXProject section */
		220C3C551C00355200567EF6 /* Project object */ = {
			isa = PBXProject;
			attributes = {
				LastSwiftUpdateCheck = 0710;
				LastUpgradeCheck = 0710;
				ORGANIZATIONNAME = "Ray Wenderlich";
				TargetAttributes = {
					220C3C5C1C00355200567EF6 = {
						CreatedOnToolsVersion = 7.1.1;
					};
				};
			};
			buildConfigurationList = 220C3C581C00355200567EF6 /* Build configuration list for PBXProject "MagicEight" */;
			compatibilityVersion = "Xcode 3.2";
			developmentRegion = English;
			hasScannedForEncodings = 0;
			knownRegions = (
				en,
				Base,
			);
			mainGroup = 220C3C541C00355200567EF6;
			productRefGroup = 220C3C5E1C00355200567EF6 /* Products */;
			projectDirPath = "";
			projectRoot = "";
			targets = (
				220C3C5C1C00355200567EF6 /* MagicEight */,
			);
		};
/* End PBXProject section */

/* Begin PBXResourcesBuildPhase section */
		220C3C5B1C00355200567EF6 /* Resources */ = {
			isa = PBXResourcesBuildPhase;
			buildActionMask = 2147483647;
			files = (
				220C3C651C00355200567EF6 /* Assets.xcassets in Resources */,
				220C3C681C00355200567EF6 /* Main.storyboard in Resources */,
			);
			runOnlyForDeploymentPostprocessing = 0;
		};
/* End PBXResourcesBuildPhase section */

/* Begin PBXSourcesBuildPhase section */
		220C3C591C00355200567EF6 /* Sources */ = {
			isa = PBXSourcesBuildPhase;
			buildActionMask = 2147483647;
			files = (
				220C3C631C00355200567EF6 /* ViewController.swift in Sources */,
				220C3C611C00355200567EF6 /* AppDelegate.swift in Sources */,
			);
			runOnlyForDeploymentPostprocessing = 0;
		};
/* End PBXSourcesBuildPhase section */

/* Begin PBXVariantGroup section */
		220C3C661C00355200567EF6 /* Main.storyboard */ = {
			isa = PBXVariantGroup;
			children = (
				220C3C671C00355200567EF6 /* Base */,
			);
			name = Main.storyboard;
			sourceTree = "<group>";
		};
/* End PBXVariantGroup section */

/* Begin XCBuildConfiguration section */
		220C3C6A1C00355200567EF6 /* Debug */ = {
			isa = XCBuildConfiguration;
			buildSettings = {
				ALWAYS_SEARCH_USER_PATHS = NO;
				CLANG_CXX_LANGUAGE_STANDARD = "gnu++0x";
				CLANG_CXX_LIBRARY = "libc++";
				CLANG_ENABLE_MODULES = YES;
				CLANG_ENABLE_OBJC_ARC = YES;
				CLANG_WARN_BOOL_CONVERSION = YES;
				CLANG_WARN_CONSTANT_CONVERSION = YES;
				CLANG_WARN_DIRECT_OBJC_ISA_USAGE = YES_ERROR;
				CLANG_WARN_EMPTY_BODY = YES;
				CLANG_WARN_ENUM_CONVERSION = YES;
				CLANG_WARN_INT_CONVERSION = YES;
				CLANG_WARN_OBJC_ROOT_CLASS = YES_ERROR;
				CLANG_WARN_UNREACHABLE_CODE = YES;
				CLANG_WARN__DUPLICATE_METHOD_MATCH = YES;
				CODE_SIGN_IDENTITY = "-";
				COPY_PHASE_STRIP = NO;
				DEBUG_INFORMATION_FORMAT = dwarf;
				ENABLE_STRICT_OBJC_MSGSEND = YES;
				ENABLE_TESTABILITY = YES;
				GCC_C_LANGUAGE_STANDARD = gnu99;
				GCC_DYNAMIC_NO_PIC = NO;
				GCC_NO_COMMON_BLOCKS = YES;
				GCC_OPTIMIZATION_LEVEL = 0;
				GCC_PREPROCESSOR_DEFINITIONS = (
					"DEBUG=1",
					"$(inherited)",
				);
				GCC_WARN_64_TO_32_BIT_CONVERSION = YES;
				GCC_WARN_ABOUT_RETURN_TYPE = YES_ERROR;
				GCC_WARN_UNDECLARED_SELECTOR = YES;
				GCC_WARN_UNINITIALIZED_AUTOS = YES_AGGRESSIVE;
				GCC_WARN_UNUSED_FUNCTION = YES;
				GCC_WARN_UNUSED_VARIABLE = YES;
				MACOSX_DEPLOYMENT_TARGET = 10.11;
				MTL_ENABLE_DEBUG_INFO = YES;
				ONLY_ACTIVE_ARCH = YES;
				SDKROOT = macosx;
				SWIFT_OPTIMIZATION_LEVEL = "-Onone";
			};
			name = Debug;
		};
		220C3C6B1C00355200567EF6 /* Release */ = {
			isa = XCBuildConfiguration;
			buildSettings = {
				ALWAYS_SEARCH_USER_PATHS = NO;
				CLANG_CXX_LANGUAGE_STANDARD = "gnu++0x";
				CLANG_CXX_LIBRARY = "libc++";
				CLANG_ENABLE_MODULES = YES;
				CLANG_ENABLE_OBJC_ARC = YES;
				CLANG_WARN_BOOL_CONVERSION = YES;
				CLANG_WARN_CONSTANT_CONVERSION = YES;
				CLANG_WARN_DIRECT_OBJC_ISA_USAGE = YES_ERROR;
				CLANG_WARN_EMPTY_BODY = YES;
				CLANG_WARN_ENUM_CONVERSION = YES;
				CLANG_WARN_INT_CONVERSION = YES;
				CLANG_WARN_OBJC_ROOT_CLASS = YES_ERROR;
				CLANG_WARN_UNREACHABLE_CODE = YES;
				CLANG_WARN__DUPLICATE_METHOD_MATCH = YES;
				CODE_SIGN_IDENTITY = "-";
				COPY_PHASE_STRIP = NO;
				DEBUG_INFORMATION_FORMAT = "dwarf-with-dsym";
				ENABLE_NS_ASSERTIONS = NO;
				ENABLE_STRICT_OBJC_MSGSEND = YES;
				GCC_C_LANGUAGE_STANDARD = gnu99;
				GCC_NO_COMMON_BLOCKS = YES;
				GCC_WARN_64_TO_32_BIT_CONVERSION = YES;
				GCC_WARN_ABOUT_RETURN_TYPE = YES_ERROR;
				GCC_WARN_UNDECLARED_SELECTOR = YES;
				GCC_WARN_UNINITIALIZED_AUTOS = YES_AGGRESSIVE;
				GCC_WARN_UNUSED_FUNCTION = YES;
				GCC_WARN_UNUSED_VARIABLE = YES;
				MACOSX_DEPLOYMENT_TARGET = 10.11;
				MTL_ENABLE_DEBUG_INFO = NO;
				SDKROOT = macosx;
			};
			name = Release;
		};
		220C3C6D1C00355200567EF6 /* Debug */ = {
			isa = XCBuildConfiguration;
			buildSettings = {
				ASSETCATALOG_COMPILER_APPICON_NAME = AppIcon;
				COMBINE_HIDPI_IMAGES = YES;
				INFOPLIST_FILE = MagicEight/Info.plist;
				LD_RUNPATH_SEARCH_PATHS = "$(inherited) @executable_path/../Frameworks";
				PRODUCT_BUNDLE_IDENTIFIER = com.raywenderlich.MagicEight;
				PRODUCT_NAME = "$(TARGET_NAME)";
			};
			name = Debug;
		};
		220C3C6E1C00355200567EF6 /* Release */ = {
			isa = XCBuildConfiguration;
			buildSettings = {
				ASSETCATALOG_COMPILER_APPICON_NAME = AppIcon;
				COMBINE_HIDPI_IMAGES = YES;
				INFOPLIST_FILE = MagicEight/Info.plist;
				LD_RUNPATH_SEARCH_PATHS = "$(inherited) @executable_path/../Frameworks";
				PRODUCT_BUNDLE_IDENTIFIER = com.raywenderlich.MagicEight;
				PRODUCT_NAME = "$(TARGET_NAME)";
			};
			name = Release;
		};
/* End XCBuildConfiguration section */

/* Begin XCConfigurationList section */
		220C3C581C00355200567EF6 /* Build configuration list for PBXProject "MagicEight" */ = {
			isa = XCConfigurationList;
			buildConfigurations = (
				220C3C6A1C00355200567EF6 /* Debug */,
				220C3C6B1C00355200567EF6 /* Release */,
			);
			defaultConfigurationIsVisible = 0;
			defaultConfigurationName = Release;
		};
		220C3C6C1C00355200567EF6 /* Build configuration list for PBXNativeTarget "MagicEight" */ = {
			isa = XCConfigurationList;
			buildConfigurations = (
				220C3C6D1C00355200567EF6 /* Debug */,
				220C3C6E1C00355200567EF6 /* Release */,
			);
			defaultConfigurationIsVisible = 0;
		};
/* End XCConfigurationList section */
	};
	rootObject = 220C3C551C00355200567EF6 /* Project object */;
}
